
Microsoft Visual Studio Solution File, Format Version 12.00
# Visual Studio Version 16
VisualStudioVersion = 16.0.29613.14
MinimumVisualStudioVersion = 10.0.40219.1
Project("{9A19103F-16F7-4668-BE54-9A1E7A4F7556}") = "Kafka", "Kafka\Kafka.csproj", "{5BDD22C1-27CB-4FA3-8829-A369D6B29ACC}"
EndProject
Project("{2150E333-8FDC-42A3-9474-1A3956D46DE8}") = "tests", "tests", "{BA01C39C-81C5-4746-A5FF-C579055B4967}"
EndProject
Project("{9A19103F-16F7-4668-BE54-9A1E7A4F7556}") = "KafkaTest", "KafkaTest\KafkaTest.csproj", "{8AAAA2E5-C7B9-466A-9D12-A1E650AAEC7F}"
EndProject
Project("{9A19103F-16F7-4668-BE54-9A1E7A4F7556}") = "GetMessage", "GetMessage\GetMessage.csproj", "{14BA2FCA-6123-4F48-888E-2BF06FA0A592}"
EndProject
Project("{FAE04EC0-301F-11D3-BF4B-00C04F79EFBC}") = "PostMessage", "PostMessage\PostMessage.csproj", "{F53C5429-11A6-40A2-B04B-2AD68F218466}"
EndProject
Global
	GlobalSection(SolutionConfigurationPlatforms) = preSolution
		Debug|Any CPU = Debug|Any CPU
		Release|Any CPU = Release|Any CPU
	EndGlobalSection
	GlobalSection(ProjectConfigurationPlatforms) = postSolution
		{5BDD22C1-27CB-4FA3-8829-A369D6B29ACC}.Debug|Any CPU.ActiveCfg = Debug|Any CPU
		{5BDD22C1-27CB-4FA3-8829-A369D6B29ACC}.Debug|Any CPU.Build.0 = Debug|Any CPU
		{5BDD22C1-27CB-4FA3-8829-A369D6B29ACC}.Release|Any CPU.ActiveCfg = Release|Any CPU
		{5BDD22C1-27CB-4FA3-8829-A369D6B29ACC}.Release|Any CPU.Build.0 = Release|Any CPU
		{8AAAA2E5-C7B9-466A-9D12-A1E650AAEC7F}.Debug|Any CPU.ActiveCfg = Debug|Any CPU
		{8AAAA2E5-C7B9-466A-9D12-A1E650AAEC7F}.Debug|Any CPU.Build.0 = Debug|Any CPU
		{8AAAA2E5-C7B9-466A-9D12-A1E650AAEC7F}.Release|Any CPU.ActiveCfg = Release|Any CPU
		{8AAAA2E5-C7B9-466A-9D12-A1E650AAEC7F}.Release|Any CPU.Build.0 = Release|Any CPU
		{14BA2FCA-6123-4F48-888E-2BF06FA0A592}.Debug|Any CPU.ActiveCfg = Debug|Any CPU
		{14BA2FCA-6123-4F48-888E-2BF06FA0A592}.Debug|Any CPU.Build.0 = Debug|Any CPU
		{14BA2FCA-6123-4F48-888E-2BF06FA0A592}.Release|Any CPU.ActiveCfg = Release|Any CPU
		{14BA2FCA-6123-4F48-888E-2BF06FA0A592}.Release|Any CPU.Build.0 = Release|Any CPU
		{F53C5429-11A6-40A2-B04B-2AD68F218466}.Debug|Any CPU.ActiveCfg = Debug|Any CPU
		{F53C5429-11A6-40A2-B04B-2AD68F218466}.Debug|Any CPU.Build.0 = Debug|Any CPU
		{F53C5429-11A6-40A2-B04B-2AD68F218466}.Release|Any CPU.ActiveCfg = Release|Any CPU
		{F53C5429-11A6-40A2-B04B-2AD68F218466}.Release|Any CPU.Build.0 = Release|Any CPU
	EndGlobalSection
	GlobalSection(SolutionProperties) = preSolution
		HideSolutionNode = FALSE
	EndGlobalSection
	GlobalSection(NestedProjects) = preSolution
		{8AAAA2E5-C7B9-466A-9D12-A1E650AAEC7F} = {BA01C39C-81C5-4746-A5FF-C579055B4967}
		{14BA2FCA-6123-4F48-888E-2BF06FA0A592} = {BA01C39C-81C5-4746-A5FF-C579055B4967}
		{F53C5429-11A6-40A2-B04B-2AD68F218466} = {BA01C39C-81C5-4746-A5FF-C579055B4967}
	EndGlobalSection
	GlobalSection(ExtensibilityGlobals) = postSolution
		SolutionGuid = {63055986-CCC0-4AB6-9BD7-9DBB001083AA}
	EndGlobalSection
EndGlobal
